---
ID: "c6ec9020-29ae-4311-9ab9-9a8b9b0c8200"
Parent: "5e25b717-0af0-46ca-9631-2a7d4bb24b1c"
Template: "0a98e368-cdb9-4e1e-927c-8e0c24a003fb"
Path: /sitecore/layout/Sublayouts/Email/Left Image Block
DB: master
SharedFields:
- ID: "06d5295c-ed2f-4a54-9bf2-26228d113318"
  Hint: __Icon
  Value: software/32x32/element_selection_delete.png
- ID: "e42081b6-8a95-4a11-89ce-df70ed502f57"
  Hint: Path
  Value: /sitecore modules/Web/EXM/sublayouts/Email/Left Image Block.ascx
Languages:
- Language: en
  Versions:
  - Version: 1
    Fields:
    - ID: "25bed78c-4957-4165-998a-ca1b52f67497"
      Hint: __Created
      Value: 20190708T131247Z
    - ID: "8cdc337e-a112-42fb-bbb4-4143751e123f"
      Hint: __Revision
      Value: "a1b23865-f31f-4778-a35d-7013dbe9a1c2"
    - ID: "badd9cf9-53e0-4d0c-bcc0-2d784c282f6a"
      Hint: __Updated by
      Value: |
        sitecore\admin
    - ID: "d9cf14b1-fa16-4ba6-9288-e8a174d4d522"
      Hint: __Updated
      Value: 20200331T101501Z
