---
ID: "1f8e92cc-e286-4573-8fa4-5cf3de7fead5"
Parent: "6556eeb7-f3b5-42d3-a3b0-f2adb913b292"
Template: "f1828a2c-7e5d-4bbd-98ca-320474871548"
Path: "/sitecore/media library/System/Email/Thumbnails/left-image-block"
DB: master
SharedFields:
- ID: "06d5295c-ed2f-4a54-9bf2-26228d113318"
  Hint: __Icon
  Value: "-/media/1F8E92CCE28645738FA45CF3DE7FEAD5.ashx?h=16&thn=1&w=16"
- ID: "22eac599-f13b-4607-a89d-c091763a467d"
  Hint: Width
  Value: 180
- ID: "40e50ed9-ba07-4702-992e-a912738d32dc"
  Hint: Blob
  Value: iVBORw0KGgoAAAANSUhEUgAAALQAAAD5CAYAAACOCx+AAAAAAXNSR0IArs4c6QAACeZJREFUeAHtnEFuE0sQhg2KhBASYg0nyD45Q3IVnyhX4RDZZ8+CNRsWSAje6/AqL0xsT5Vn7P6r+rMUTXC6pqu//6MzmYG8urm5+b3hBYEiBC7aOj5//lxkOSxjZAK3t7eb1yMDYO31CCB0vUyHXhFCDx1/vcUjdL1Mh14RQg8df73FI3S9TIdeEUIPHX+9xSN0vUyHXhFCDx1/vcU/Pin0Luvh4cE7lHEQWI3A5eWl+1zs0G5UDMxAAKEzpESPbgII7UbFwAwEEDpDSvToJoDQblQMzEAAoTOkRI9uAgjtRsXADAQQOkNK9OgmgNBuVAzMQCD0pDDyxCbD4umxHgF26HqZDr0ihB46/nqLR+h6mQ69otA19N3d3dCwWHwfAtvt1j0xO7QbFQMzEEDoDCnRo5sAQrtRMTADAYTOkBI9ugkgtBsVAzMQQOgMKdGjmwBCu1ExMAMBhM6QEj26CSC0GxUDMxBA6Awp0aObAEK7UTEwAwGEzpASPboJILQb1foDr66uNu2D13oEQv/abr1pOVMT+fr6+gnE/f390+d8cjwBdujj2R1dOZW5ic1OfTTOvwoR+i8cp//DVGabEamNxLIjQi/jF6reJ7OdBKmNxPFHhD6eXahyTmY7GVIbieOOCH0ct1CVV2Y7KVIbifgRoePMQhVRme3kSG0kYkeEDvBqcrYP7+tYme38SG0k/EfuQztZTeWcu288He+c5sWwJnV7zc33onDQN9ihHcFP5ZzbOafjHVMcHDI338Hiwb6I0DOB75Nzn2T7xs9MM/vlffPNFg42AKEPBD4n51SyufEHpnJ9aTqfq2iwQVxD7wncK2eTzF7PP7f31j7aHFxT7yaL0Du4eGW2UpPM/nzqo82H1C9Jc8kxYRKVeVJ+tj82qVuvvP4mgNDPeGSR2VpGaiPx/xGh/2ORTWaLEKmNxJ8jQv/LIavMFiVSG4nNZnihs8tsUSL1HxJDC11FZqQ2AgPv0NVktkhH36mH3KGryozUA+7Q1WUeXerhnhS2p2s8YTPt6x2HvOSoFyMrMgIIbSQ4liCA0CViZBFGAKGNBMcSBBC6RIwswgggtJHgWIIAQpeIkUUYAYQ2EhxLEEDoEjGyCCOA0EaCYwkCCF0iRhZhBBDaSHAsQSD0j5O2222JRbOIugTYoetmO+TKEHrI2OsuGqHrZjvkykLX0A8PD0NCYtF9CVxeXrobYId2o2JgBgIInSElenQTQGg3KgZmIIDQGVKiRzcBhHajYmAGAgidISV6dBNAaDcqBmYggNAZUqJHNwGEdqNiYAYCCJ0hJXp0E0BoNyoGZiCA0BlSokc3AYR2o2JgBgIInSElenQTQGg3KgZmIIDQGVKiRzcBhHajYmAGAgidISV6dBNAaDcqBmYgEPo/hZH/25Vh8fRYjwA7dL1Mh14RQg8df73FI3S9TIdeUega+u7ubmhYxyx++vsA+d0mcYqRn93YoeN8qRAmgNDC4dBanABCx5lRIUwAoYXDobU4AYSOM6NCmABCC4dDa3ECCB1nRoUwgdB9aOF1lGktcs+1yqLXvDfPDl3FCtbxSAChEaEUAS45xOJc89uv2NLO0g479FkwM8m5CCD0uUgzz1kIIPRZMDPJuQhwDX0u0s55uG3nBLVnGDv0HjC8nZMAQufMja73EOCSYw+YXm9z224ZeXboZfyoFiOA0GKB0M4yAgi9jB/VYgRKXkNfXV09Yr6/vxfDPd8Ot+3mGR0aUU7oJvP19fXTmjNK/dQ8n4QJlLrkmMrcxLbdOkyGgpQEyuzQU5ktDduts+zU3Laz5I47ltih98lsSNipjUT9o7TQTdS5S4Y5mS1CpDYStY+ylxxTUXddMkzHzEWV7fJjbj18/SUBSaGnou4ScTrm5dJ2v7PrXLtH9nm35227Ctfvcpcc+0R9fsmwb4xXwefn8tYwLgcBqR16TtQm4sePHzefPn1aTFd9p168wEFPICP0nMyWzxoy27kUpa7wbd/49jhKXHJ4ZT4FIC4/TkG13zm7C91TZsOO1EYi/7Gr0AoyW4RIbSRyH7sJrSSzRYjURiLvsYvQijJbhEhtJHIeu9zlaE/9dj35y4mQrpUIdBFaCUDFXj58+LBpH2/evNm8fn2ab8K/fv3a/PjxY/Pt27fHDxWOCK2SxAp9XFxcPD54evfu3QpnO3yK9hfl7du3jx/v37/ffP36dfPz58/DRWf46mn++p6hcaZ4SaA9RT2HzNOZ25xtboUXQiuksEIP7RKjh8zWepu79dD7hdC9E1hpfgWZFHpA6JWE6n2a9gNg75dCDwjd2wLmX5UAQq+Ks9/J2i203i+FHhC6twUrzd/uB/d+KfSA0L0tWGn+JtP3799XOlv8NG1uhI5zo+IAgfZwo4fUbc42t8KLJ4UKKazUQ3tS9+XLl8f7we0WGo++VwLLafoSaN/6Fb7996DANXQP6sx5MgIIfTK0nLgHAYTuQZ05T0YAoU+GlhP3IIDQPagz58kIIPTJ0HLiHgQQugd15jwZgdCDle12e7JGRjlxz98uOgJjdugRUh5ojQg9UNgjLBWhR0h5oDWGrqH5Va8DmSG01MjPHezQQsHRynICCL2cIWcQIoDQQmHQynICCL2cIWcQIoDQQmHQynICCL2cIWcQIoDQQmHQynICCL2cIWcQIoDQQmHQynICoSeFkSc2y1vjDBCIE2CHjjOjQpgAQguHQ2txAggdZ0aFMAGEFg6H1uIEEDrOjAphAggtHA6txQkgdJwZFcIEEFo4HFqLE0DoODMqhAkgtHA4tBYngNBxZlQIE0Bo4XBoLU4AoePMqBAmgNDC4dBanABCx5lRIUwAoYXDobU4AYSOM6NCmABCC4dDa3ECCB1nRoUwAYQWDofW4gQQOs6MCmECCC0cDq3FCSB0nBkVwgQQWjgcWosTQOg4MyqECSC0cDi0FieA0HFmVAgTQGjhcGgtTgCh48yoECaA0MLh0FqcAELHmVEhTAChhcOhtTgBhI4zo0KYAEILh0NrcQIIHWdGhTABhBYOh9biBBA6zowKYQIILRwOrcUJIHScGRXCBBBaOBxaixNA6DgzKoQJILRwOLQWJ4DQcWZUCBNAaOFwaC1OAKHjzKgQJoDQwuHQWpwAQseZUSFMAKGFw6G1OAGEjjOjQpgAQguHQ2txAggdZ0aFMAGEFg6H1uIEEDrOjAphAggtHA6txQkgdJwZFcIEEFo4HFqLE0DoODMqhAkgtHA4tBYngNBxZlQIE0Bo4XBoLU4AoePMqBAmgNDC4dBanABCx5lRIUwAoYXDobU4AYSOM6NCmABCC4dDa3ECCB1nRoUwAYQWDofW4gQQOs6MCmECCC0cDq3FCSB0nBkVwgRe3dzc/Bbuj9YgECLwD54sGi33hZYUAAAAAElFTkSuQmCC
- ID: "6954b7c7-2487-423f-8600-436cb3b6dc0e"
  Hint: Size
  Value: 2604
- ID: "6f47a0a5-9c94-4b48-abeb-42d38def6054"
  Hint: Mime Type
  Value: image/png
- ID: "c06867fe-9a43-4c7d-b739-48780492d06f"
  Hint: Extension
  Value: png
- ID: "cb09946f-3218-4823-87d2-d5007c199a96"
  Hint: Dimensions
  Value: 180 x 249
- ID: "de2ca9e4-c117-4c8a-a139-1ff4b199d15a"
  Hint: Height
  Value: 249
Languages:
- Language: en
  Versions:
  - Version: 1
    Fields:
    - ID: "25bed78c-4957-4165-998a-ca1b52f67497"
      Hint: __Created
      Value: 20190731T105913Z
    - ID: "52807595-0f8f-4b20-8d2a-cb71d28c6103"
      Hint: __Owner
      Value: |
        sitecore\admin
    - ID: "5dd74568-4d4b-44c1-b513-0af5f4cda34f"
      Hint: __Created by
      Value: |
        sitecore\admin
    - ID: "65885c44-8fcd-4a7f-94f1-ee63703fe193"
      Hint: Alt
      Value: Left image block
    - ID: "8cdc337e-a112-42fb-bbb4-4143751e123f"
      Hint: __Revision
      Value: "1eb4e19a-f6c8-4b21-93d2-72cfc1caf89f"
    - ID: "badd9cf9-53e0-4d0c-bcc0-2d784c282f6a"
      Hint: __Updated by
      Value: |
        sitecore\admin
    - ID: "d9cf14b1-fa16-4ba6-9288-e8a174d4d522"
      Hint: __Updated
      Value: 20190731T105928Z
