---
ID: "f4c8d681-e195-492a-86b9-b32dbdbdf877"
Parent: "6556eeb7-f3b5-42d3-a3b0-f2adb913b292"
Template: "f1828a2c-7e5d-4bbd-98ca-320474871548"
Path: "/sitecore/media library/System/Email/Thumbnails/right-image-block"
DB: master
SharedFields:
- ID: "06d5295c-ed2f-4a54-9bf2-26228d113318"
  Hint: __Icon
  Value: "-/media/F4C8D681E195492A86B9B32DBDBDF877.ashx?h=16&thn=1&w=16"
- ID: "22eac599-f13b-4607-a89d-c091763a467d"
  Hint: Width
  Value: 180
- ID: "40e50ed9-ba07-4702-992e-a912738d32dc"
  Hint: Blob
  Value: iVBORw0KGgoAAAANSUhEUgAAALQAAAD5CAYAAACOCx+AAAAAAXNSR0IArs4c6QAACX1JREFUeAHtnEFuFEsQRAdkCSEkxBpO4L19BnOVOZGvwiG8954FazYskBD8X+anv9143FlNz3RlxGvJKg+T3ZUR8SiXu22/uLq6+rXjwAERB86ajk+fPonIQYazAx8/fty9dDYA7XoOALReptaKANo6fj3xAK2XqbUigLaOX088QOtlaq0IoK3j1xMP0HqZWisCaOv49cTfPSnMyrq9vc2WUocDqzlwfn6evhYrdNoqCis4ANAVUqLHtAMAnbaKwgoOAHSFlOgx7QBAp62isIIDAF0hJXpMOwDQaasorOAAQFdIiR7TDgB02ioKKzjQ9aSw54lNBfH0qOcAK7ReptaKANo6fj3xAK2XqbWirj309fW1tVmI38aB/X6fnpgVOm0VhRUcAOgKKdFj2gGATltFYQUHALpCSvSYdgCg01ZRWMEBgK6QEj2mHQDotFUUVnAAoCukRI9pBwA6bRWFFRwA6Aop0WPaAYBOW0VhBQcAukJK9Jh2AKDTVq1feHFxsWsfHOs50PXTdutNy5UayJeXl/dG3Nzc3H/OJ8sdYIVe7t3iM6cwN7BZqRfb+ehEgH5kx/FfTGGOGYE6nPi7EaD/zr+usw/BHBcB6nBi+QjQy73rOnMO5rgYUIcTy0aAXuZb11lZmOOiQB1O9I8A3e9Z1xm9MMfFgTqc6BsBusOvBmf7yB5LYY7rA3U4kR+5D530agrn3H3jaX1ymj/KGtTtmJvvjxNN/4EVOhH8FM65lXNan5ji2ZK5+Z492exNgJ4J/BCchyA7VD8zzezbh+abPdGsAKCfCXwOzilkc/XPTJV6azpf6iSzIvbQBwLPwtkgi+Ph5/Fva48xB3vqp50F6Cd8ycIcpwZk8frYY8wH1H86zZZj4kkvzJPTT/ayQd165XjsAEA/8KMKzNEyUIcT/48A/Z8X1WCOCIE6nPg9AvS/PlSFOaIE6nBit7MHujrMESVQ/3bCGmgVmIE6HDBeodVgjkjdV2rLFVoVZqA2XKHVYXaH2u5JYXu6xhO2wF5vtNxy6MWIonAAoMMJRgkHAFoiRkSEAwAdTjBKOADQEjEiIhwA6HCCUcIBgJaIERHhAECHE4wSDgC0RIyICAcAOpxglHAAoCViREQ4ANDhBKOEA10/nLTf7yVEI0LXAVZo3WwtlQG0Zey6ogFaN1tLZV176NvbW0uTEL2tA+fn5+kGWKHTVlFYwQGArpASPaYdAOi0VRRWcACgK6REj2kHADptFYUVHADoCinRY9oBgE5bRWEFBwC6Qkr0mHYAoNNWUVjBAYCukBI9ph0A6LRVFFZwAKArpESPaQcAOm0VhRUcAOgKKdFj2gGATltFYQUHALpCSvSYdgCg01ZRWMEBgK6QEj2mHQDotFUUVnCg63cKe363q4J4etRzgBVaL1NrRQBtHb+eeIDWy9RaUdcemr/L0c/K9PuO6+vr/ouYn9HzNxVZoc1hUZMP0GqJmusBaHMA1OQDtFqi5noA2hwANfkArZaouR6ANgdATX7Xfeg58dN7rnP1Cu9zb36sFFmhx8qDbv7SAYD+SwM5fSwHVt1y8OV3rHAdu2GFdkxdWDNAC4frKA2gHVMX1rzqHprbdsKkFJHGCl0kKNrMOQDQOZ+oKuLAqlsObtsVSV24TVZo4XAdpQG0Y+rCmgFaOFxHaavuobltp4PQxcXFnZibm5tSolYFupRymj3oQIP58vLy/v1KULPluI+NT5oDU5gb2LFaV3Bo1RWa23YVIj/c4xTmqIzVusJKzQodqZmPh2AOW6qs1AAdiYmODdS5LcMczGFNBahX3XKEcMYxHJiC+tSWYVoz1/no249Vgd7yth3798coTkF9CsRpzeMrHH711LUOV5/2HbYcp/X7JLMdAvXhluFQTbbBh9fKnnOKulVX6FM0zBzPOzAHagPx/fv3uw8fPjx/ocS7I67UqwLNl/0EBUcsmYM5pl4D5rjWaFCz5Yhkio9ZmI8hc6TtB0AfI+ETX3NLmEPqKFADdCRSdBwB5rBuBKgBOtIoOI4Ec9i3NdQAHUkUG0eEOSzcEupV73KEIMbjO9Ce+j315O/4M489w3BAv3v3btc+Xr16tXv58jhfQH7+/Ln7/v377uvXr3cfY0dEdz0ODAP02dnZ3Q3/N2/e9PS/qLb9R3n9+vXdx9u3b3dfvnzZ/fjxY9G1OGksB46zBC7Q2J5enQLmaWttzjY3h4YDQwDdthhbwBwRtrlbDxz1HRgG6K2tBOitE1hn/iGAbt8Abn2M0MPWHijMPwTQCkaiYQwHhgC63ULb+hihh609UJh/CKDb/eCtjxF62NoDhfmHAfrbt2+b+dnmBujN7F914iGAboraw40toG5ztrk5NBwY5klhe1L3+fPnu/vBPPrWgGsLFcMAHeL5+YpwgnGJA8NsOZY0zzk4MHUAoKeO8Lq0AwBdOj6anzoA0FNHeF3aAYAuHR/NTx0A6KkjvC7tAECXjo/mpw503Yfe8q+LThuv+nq/31dtvUTfrNAlYqLJrAMAnXWKuhIOAHSJmGgy60DXHpo/l5u1lbo1Hej53o0Vek3nudbmDgD05hHQwJoOAPSabnKtzR0A6M0joIE1HQDoNd3kWps7ANCbR0ADazoA0Gu6ybU2dwCgN4+ABtZ0AKDXdJNrbe5A15PCnic2myujAUsHWKEtY9cVDdC62VoqA2jL2HVFA7RutpbKANoydl3RAK2braUygLaMXVc0QOtma6kMoC1j1xUN0LrZWioDaMvYdUUDtG62lsoA2jJ2XdEArZutpTKAtoxdVzRA62ZrqQygLWPXFQ3QutlaKgNoy9h1RQO0braWygDaMnZd0QCtm62lMoC2jF1XNEDrZmupDKAtY9cVDdC62VoqA2jL2HVFA7RutpbKANoydl3RAK2braUygLaMXVc0QOtma6kMoC1j1xUN0LrZWioDaMvYdUUDtG62lsoA2jJ2XdEArZutpTKAtoxdVzRA62ZrqQygLWPXFQ3QutlaKgNoy9h1RQO0braWygDaMnZd0QCtm62lMoC2jF1XNEDrZmupDKAtY9cVDdC62VoqA2jL2HVFA7RutpbKANoydl3RAK2braUygLaMXVc0QOtma6kMoC1j1xUN0LrZWioDaMvYdUUDtG62lsoA2jJ2XdEArZutpTKAtoxdVzRA62ZrqQygLWPXFQ3QutlaKgNoy9h1RQO0braWygDaMnZd0QCtm62lMoC2jF1X9Iurq6tfuvJQ5ubAPyNkGi3oIlujAAAAAElFTkSuQmCC
- ID: "6954b7c7-2487-423f-8600-436cb3b6dc0e"
  Hint: Size
  Value: 2499
- ID: "6f47a0a5-9c94-4b48-abeb-42d38def6054"
  Hint: Mime Type
  Value: image/png
- ID: "c06867fe-9a43-4c7d-b739-48780492d06f"
  Hint: Extension
  Value: png
- ID: "cb09946f-3218-4823-87d2-d5007c199a96"
  Hint: Dimensions
  Value: 180 x 249
- ID: "de2ca9e4-c117-4c8a-a139-1ff4b199d15a"
  Hint: Height
  Value: 249
Languages:
- Language: en
  Versions:
  - Version: 1
    Fields:
    - ID: "25bed78c-4957-4165-998a-ca1b52f67497"
      Hint: __Created
      Value: 20190731T105938Z
    - ID: "52807595-0f8f-4b20-8d2a-cb71d28c6103"
      Hint: __Owner
      Value: |
        sitecore\admin
    - ID: "5dd74568-4d4b-44c1-b513-0af5f4cda34f"
      Hint: __Created by
      Value: |
        sitecore\admin
    - ID: "65885c44-8fcd-4a7f-94f1-ee63703fe193"
      Hint: Alt
      Value: Right image block
    - ID: "8cdc337e-a112-42fb-bbb4-4143751e123f"
      Hint: __Revision
      Value: "523cd6c7-4dd4-467c-81ac-dd633806b764"
    - ID: "badd9cf9-53e0-4d0c-bcc0-2d784c282f6a"
      Hint: __Updated by
      Value: |
        sitecore\admin
    - ID: "d9cf14b1-fa16-4ba6-9288-e8a174d4d522"
      Hint: __Updated
      Value: 20190731T105949Z
